{"version":4,"terraform_version":"1.8.0","serial":2,"lineage":"d30e28f9-6a12-2cb0-8ce8-63eb07c83b29","outputs":{},"resources":[{"mode":"managed","type":"snowflake_database","name":"db","provider":"provider[\"registry.opentofu.org/snowflake-labs/snowflake\"]","instances":[{"schema_version":0,"attributes":{"comment":"","data_retention_time_in_days":1,"from_database":null,"from_replica":null,"from_share":null,"id":"TF_DEMO_DB","is_transient":false,"name":"TF_DEMO_DB","replication_configuration":[],"tag":[]},"sensitive_attributes":[],"private":"bnVsbA=="}]},{"mode":"managed","type":"snowflake_warehouse","name":"warehouse","provider":"provider[\"registry.opentofu.org/snowflake-labs/snowflake\"]","instances":[{"schema_version":0,"attributes":{"auto_resume":true,"auto_suspend":60,"comment":"","id":"TF_DEMO_WH","initially_suspended":null,"max_cluster_count":1,"max_concurrency_level":8,"min_cluster_count":1,"name":"TF_DEMO_WH","resource_monitor":"null","scaling_policy":"STANDARD","statement_queued_timeout_in_seconds":0,"statement_timeout_in_seconds":172800,"tag":[],"wait_for_provisioning":null,"warehouse_size":"Large"},"sensitive_attributes":[],"private":"bnVsbA=="}]}],"check_results":null}
